Microsoft Visual Studio Solution File, Format Version 12.00
# Visual Studio Version 17
VisualStudioVersion = 17.5.2.0
MinimumVisualStudioVersion = 10.0.40219.1
Project("{FAE04EC0-301F-11D3-BF4B-00C04F79EFBC}") = "ai-aspire-template", "ai-aspire-template.csproj", "{62963625-6CBF-8AD2-11C5-BF7F7D312C94}"
EndProject
Global
	GlobalSection(SolutionConfigurationPlatforms) = preSolution
		Debug|Any CPU = Debug|Any CPU
		Release|Any CPU = Release|Any CPU
	EndGlobalSection
	GlobalSection(ProjectConfigurationPlatforms) = postSolution
		{62963625-6CBF-8AD2-11C5-BF7F7D312C94}.Debug|Any CPU.ActiveCfg = Debug|Any CPU
		{62963625-6CBF-8AD2-11C5-BF7F7D312C94}.Debug|Any CPU.Build.0 = Debug|Any CPU
		{62963625-6CBF-8AD2-11C5-BF7F7D312C94}.Release|Any CPU.ActiveCfg = Release|Any CPU
		{62963625-6CBF-8AD2-11C5-BF7F7D312C94}.Release|Any CPU.Build.0 = Release|Any CPU
	EndGlobalSection
	GlobalSection(SolutionProperties) = preSolution
		HideSolutionNode = FALSE
	EndGlobalSection
	GlobalSection(ExtensibilityGlobals) = postSolution
		SolutionGuid = {901E1265-9990-4739-AD36-743A47C86AFF}
	EndGlobalSection
EndGlobal
